
Microsoft Visual Studio Solution File, Format Version 12.00
# Visual Studio 14
VisualStudioVersion = 14.0.25420.1
MinimumVisualStudioVersion = 10.0.40219.1
Project("{FAE04EC0-301F-11D3-BF4B-00C04F79EFBC}") = "HashOS", "HashOS\HashOS.csproj", "{C80D9F18-51FB-4B0D-AEF5-1FDFED9C43C8}"
EndProject
Project("{471EC4BB-E47E-4229-A789-D1F5F83B52D4}") = "HashOSBoot", "HashOS\HashOSBoot.Cosmos", "{775C77A6-BF02-47C7-BFE5-8EDB232DEABE}"
EndProject
Project("{FAE04EC0-301F-11D3-BF4B-00C04F79EFBC}") = "Hardware", "Hardware\Hardware.csproj", "{24CACA9E-453D-4A24-8737-FA629162FB40}"
EndProject
Project("{FAE04EC0-301F-11D3-BF4B-00C04F79EFBC}") = "HAL", "CosmosKernel1\HAL.csproj", "{73D8D6F7-EF11-43F7-9EEC-DD0D460BD7A3}"
EndProject
Global
	GlobalSection(SolutionConfigurationPlatforms) = preSolution
		Debug|Any CPU = Debug|Any CPU
		Debug|x86 = Debug|x86
		Release|Any CPU = Release|Any CPU
		Release|x86 = Release|x86
	EndGlobalSection
	GlobalSection(ProjectConfigurationPlatforms) = postSolution
		{C80D9F18-51FB-4B0D-AEF5-1FDFED9C43C8}.Debug|Any CPU.ActiveCfg = Debug|x86
		{C80D9F18-51FB-4B0D-AEF5-1FDFED9C43C8}.Debug|x86.ActiveCfg = Debug|x86
		{C80D9F18-51FB-4B0D-AEF5-1FDFED9C43C8}.Debug|x86.Build.0 = Debug|x86
		{C80D9F18-51FB-4B0D-AEF5-1FDFED9C43C8}.Release|Any CPU.ActiveCfg = Release|x86
		{C80D9F18-51FB-4B0D-AEF5-1FDFED9C43C8}.Release|x86.ActiveCfg = Release|x86
		{C80D9F18-51FB-4B0D-AEF5-1FDFED9C43C8}.Release|x86.Build.0 = Release|x86
		{775C77A6-BF02-47C7-BFE5-8EDB232DEABE}.Debug|Any CPU.ActiveCfg = Debug|x86
		{775C77A6-BF02-47C7-BFE5-8EDB232DEABE}.Debug|x86.ActiveCfg = Debug|x86
		{775C77A6-BF02-47C7-BFE5-8EDB232DEABE}.Debug|x86.Build.0 = Debug|x86
		{775C77A6-BF02-47C7-BFE5-8EDB232DEABE}.Release|Any CPU.ActiveCfg = Debug|x86
		{775C77A6-BF02-47C7-BFE5-8EDB232DEABE}.Release|Any CPU.Build.0 = Debug|x86
		{775C77A6-BF02-47C7-BFE5-8EDB232DEABE}.Release|x86.ActiveCfg = Debug|x86
		{775C77A6-BF02-47C7-BFE5-8EDB232DEABE}.Release|x86.Build.0 = Debug|x86
		{24CACA9E-453D-4A24-8737-FA629162FB40}.Debug|Any CPU.ActiveCfg = Debug|x86
		{24CACA9E-453D-4A24-8737-FA629162FB40}.Debug|Any CPU.Build.0 = Debug|x86
		{24CACA9E-453D-4A24-8737-FA629162FB40}.Debug|x86.ActiveCfg = Debug|x86
		{24CACA9E-453D-4A24-8737-FA629162FB40}.Debug|x86.Build.0 = Debug|x86
		{24CACA9E-453D-4A24-8737-FA629162FB40}.Release|Any CPU.ActiveCfg = Release|x86
		{24CACA9E-453D-4A24-8737-FA629162FB40}.Release|Any CPU.Build.0 = Release|x86
		{24CACA9E-453D-4A24-8737-FA629162FB40}.Release|x86.ActiveCfg = Release|x86
		{24CACA9E-453D-4A24-8737-FA629162FB40}.Release|x86.Build.0 = Release|x86
		{73D8D6F7-EF11-43F7-9EEC-DD0D460BD7A3}.Debug|Any CPU.ActiveCfg = Debug|x86
		{73D8D6F7-EF11-43F7-9EEC-DD0D460BD7A3}.Debug|Any CPU.Build.0 = Debug|x86
		{73D8D6F7-EF11-43F7-9EEC-DD0D460BD7A3}.Debug|x86.ActiveCfg = Debug|x86
		{73D8D6F7-EF11-43F7-9EEC-DD0D460BD7A3}.Debug|x86.Build.0 = Debug|x86
		{73D8D6F7-EF11-43F7-9EEC-DD0D460BD7A3}.Release|Any CPU.ActiveCfg = Release|x86
		{73D8D6F7-EF11-43F7-9EEC-DD0D460BD7A3}.Release|Any CPU.Build.0 = Release|x86
		{73D8D6F7-EF11-43F7-9EEC-DD0D460BD7A3}.Release|x86.ActiveCfg = Release|x86
		{73D8D6F7-EF11-43F7-9EEC-DD0D460BD7A3}.Release|x86.Build.0 = Release|x86
	EndGlobalSection
	GlobalSection(SolutionProperties) = preSolution
		HideSolutionNode = FALSE
	EndGlobalSection
EndGlobal
